
Microsoft Visual Studio Solution File, Format Version 12.00
# Visual Studio Version 17
VisualStudioVersion = 17.11.35327.3
MinimumVisualStudioVersion = 10.0.40219.1
Project("{FAE04EC0-301F-11D3-BF4B-00C04F79EFBC}") = "Proga5", "Proga5\Proga5.csproj", "{3A209615-4020-47ED-B759-22FF107733CA}"
EndProject
Global
	GlobalSection(SolutionConfigurationPlatforms) = preSolution
		Debug|Any CPU = Debug|Any CPU
		Release|Any CPU = Release|Any CPU
	EndGlobalSection
	GlobalSection(ProjectConfigurationPlatforms) = postSolution
		{3A209615-4020-47ED-B759-22FF107733CA}.Debug|Any CPU.ActiveCfg = Debug|Any CPU
		{3A209615-4020-47ED-B759-22FF107733CA}.Debug|Any CPU.Build.0 = Debug|Any CPU
		{3A209615-4020-47ED-B759-22FF107733CA}.Release|Any CPU.ActiveCfg = Release|Any CPU
		{3A209615-4020-47ED-B759-22FF107733CA}.Release|Any CPU.Build.0 = Release|Any CPU
	EndGlobalSection
	GlobalSection(SolutionProperties) = preSolution
		HideSolutionNode = FALSE
	EndGlobalSection
	GlobalSection(ExtensibilityGlobals) = postSolution
		SolutionGuid = {F9AC7A7E-A457-4ACF-9362-DFDFB6D37FA2}
	EndGlobalSection
EndGlobal
